PODS:
  - JLRoutes (2.1)
  - UMCAnalytics (5.5.1):
    - UMCCommon
  - UMCCommon (1.5.2)
  - UMCSecurityPlugins (1.0.6)
  - UMCShare/Core (6.9.4):
    - UMCCommon
  - UMCShare/Social/QQ (6.9.4):
    - UMCCommon
    - UMCShare/Core
    - UMCShare/Social/ReducedQQ
  - UMCShare/Social/ReducedQQ (6.9.4):
    - UMCCommon
    - UMCShare/Core
  - UMCShare/Social/ReducedSina (6.9.4):
    - UMCCommon
    - UMCShare/Core
  - UMCShare/Social/ReducedWeChat (6.9.4):
    - UMCCommon
    - UMCShare/Core
  - UMCShare/Social/Sina (6.9.4):
    - UMCCommon
    - UMCShare/Core
    - UMCShare/Social/ReducedSina
  - UMCShare/Social/WeChat (6.9.4):
    - UMCCommon
    - UMCShare/Core
    - UMCShare/Social/ReducedWeChat
  - UMCShare/UI (6.9.4):
    - UMCCommon
    - UMCShare/Core
  - YYKit (1.0.9):
    - YYKit/no-arc (= 1.0.9)
  - YYKit/no-arc (1.0.9)
  - ZM_ThirdPartyLibraryExpand (0.0.3):
    - JLRoutes (= 2.1)
    - UMCAnalytics
    - UMCCommon
    - UMCSecurityPlugins
    - UMCShare/Social/QQ
    - UMCShare/Social/Sina
    - UMCShare/Social/WeChat
    - UMCShare/UI
    - YYKit (= 1.0.9)

DEPENDENCIES:
  - ZM_ThirdPartyLibraryExpand (from `../ZM_ThirdPartyLibraryExpand.podspec`)

SPEC REPOS:
  https://github.com/cocoapods/specs.git:
    - JLRoutes
    - UMCAnalytics
    - UMCCommon
    - UMCSecurityPlugins
    - UMCShare
    - YYKit

EXTERNAL SOURCES:
  ZM_ThirdPartyLibraryExpand:
    :path: "../ZM_ThirdPartyLibraryExpand.podspec"

SPEC CHECKSUMS:
  JLRoutes: d755245322b94227662ea3e43492fdca94e05c5b
  UMCAnalytics: 0aff87e39008e2a650e5917430db0da2de2f8495
  UMCCommon: 4392868ac47ff1b101663106bb114ba616fabbad
  UMCSecurityPlugins: 0831a08f3988f3cea9f1d3a7626cd9bee4fef150
  UMCShare: aa233aecad67979930fe43f3a2f676023b669439
  YYKit: 7cda43304a8dc3696c449041e2cb3107b4e236e7
  ZM_ThirdPartyLibraryExpand: f9caf62540adf968ca63ebf7912ada03020aaa53

PODFILE CHECKSUM: f7e792092352fcd6297c682a814f253b77579dfc

COCOAPODS: 1.5.2
